
Microsoft Visual Studio Solution File, Format Version 12.00
# Visual Studio Version 16
VisualStudioVersion = 16.0.30002.166
MinimumVisualStudioVersion = 10.0.40219.1
Project("{FAE04EC0-301F-11D3-BF4B-00C04F79EFBC}") = "Formular Specification", "Formular Specification.csproj", "{65D3694E-77AD-4034-B4F2-65B7EDF8048E}"
EndProject
Global
	GlobalSection(SolutionConfigurationPlatforms) = preSolution
		Debug|Any CPU = Debug|Any CPU
		Release|Any CPU = Release|Any CPU
	EndGlobalSection
	GlobalSection(ProjectConfigurationPlatforms) = postSolution
		{65D3694E-77AD-4034-B4F2-65B7EDF8048E}.Debug|Any CPU.ActiveCfg = Debug|Any CPU
		{65D3694E-77AD-4034-B4F2-65B7EDF8048E}.Debug|Any CPU.Build.0 = Debug|Any CPU
		{65D3694E-77AD-4034-B4F2-65B7EDF8048E}.Release|Any CPU.ActiveCfg = Release|Any CPU
		{65D3694E-77AD-4034-B4F2-65B7EDF8048E}.Release|Any CPU.Build.0 = Release|Any CPU
	EndGlobalSection
	GlobalSection(SolutionProperties) = preSolution
		HideSolutionNode = FALSE
	EndGlobalSection
	GlobalSection(ExtensibilityGlobals) = postSolution
		SolutionGuid = {F87E7595-9D4E-4F06-A6E9-B07E1D728703}
	EndGlobalSection
EndGlobal
